
Microsoft Visual Studio Solution File, Format Version 12.00
# Visual Studio 15
VisualStudioVersion = 15.0.28307.168
MinimumVisualStudioVersion = 10.0.40219.1
Project("{FAE04EC0-301F-11D3-BF4B-00C04F79EFBC}") = "ProjectCeilidh.CobbleLoader", "ProjectCeilidh.CobbleLoader\ProjectCeilidh.CobbleLoader.csproj", "{033BCB40-2CA1-4CCA-89C5-CFAD42938319}"
EndProject
Project("{FAE04EC0-301F-11D3-BF4B-00C04F79EFBC}") = "ProjectCeilidh.CobbleLoader.Tests", "ProjectCeilidh.CobbleLoader.Tests\ProjectCeilidh.CobbleLoader.Tests.csproj", "{3CF4B646-7F3D-4050-8514-3340693D2B10}"
EndProject
Global
	GlobalSection(SolutionConfigurationPlatforms) = preSolution
		Debug|Any CPU = Debug|Any CPU
		Release|Any CPU = Release|Any CPU
	EndGlobalSection
	GlobalSection(ProjectConfigurationPlatforms) = postSolution
		{033BCB40-2CA1-4CCA-89C5-CFAD42938319}.Debug|Any CPU.ActiveCfg = Debug|Any CPU
		{033BCB40-2CA1-4CCA-89C5-CFAD42938319}.Debug|Any CPU.Build.0 = Debug|Any CPU
		{033BCB40-2CA1-4CCA-89C5-CFAD42938319}.Release|Any CPU.ActiveCfg = Release|Any CPU
		{033BCB40-2CA1-4CCA-89C5-CFAD42938319}.Release|Any CPU.Build.0 = Release|Any CPU
		{3CF4B646-7F3D-4050-8514-3340693D2B10}.Debug|Any CPU.ActiveCfg = Debug|Any CPU
		{3CF4B646-7F3D-4050-8514-3340693D2B10}.Debug|Any CPU.Build.0 = Debug|Any CPU
		{3CF4B646-7F3D-4050-8514-3340693D2B10}.Release|Any CPU.ActiveCfg = Release|Any CPU
		{3CF4B646-7F3D-4050-8514-3340693D2B10}.Release|Any CPU.Build.0 = Release|Any CPU
	EndGlobalSection
	GlobalSection(SolutionProperties) = preSolution
		HideSolutionNode = FALSE
	EndGlobalSection
	GlobalSection(ExtensibilityGlobals) = postSolution
		SolutionGuid = {F4F8FBBA-B429-44CC-BEBD-60EA71CEDE92}
	EndGlobalSection
EndGlobal
